<Solution>
  <Project Path="BankTellerSystem.DispenserApp/BankTellerSystem.DispenserApp.csproj" Id="da89568b-a08b-455e-b1d7-e803be1df4a6" />
  <Project Path="BankTellerSystem.Domain/BankTellerSystem.Domain.csproj" />
  <Project Path="BankTellerSystem.Server/BankTellerSystem.Server.csproj" />
  <Project Path="BankTellerSystem.Tests/BankTellerSystem.Tests.csproj" />
</Solution>
